{
  "name": "builder-webpack",
  "version": "1.0.0",
  "lockfileVersion": 1,
  "requires": true,
  "dependencies": {
    "lodash": {
      "version": "4.17.15",
      "resolved": "https://registry.npmjs.org/lodash/-/lodash-4.17.15.tgz",
      "integrity": "sha512-8xOcRHvCjnocdS5cpwXQXVzmmh5e5+saE2QGoeQmbKmRS6J3VQppPOIt0MnmE+4xlZoumy0GPG0D0MVIQbNA1A==",
      "dev": true
    },
    "webpack-merge": {
      "version": "4.2.2",
      "resolved": "https://registry.npmjs.org/webpack-merge/-/webpack-merge-4.2.2.tgz",
      "integrity": "sha512-TUE1UGoTX2Cd42j3krGYqObZbOD+xF7u28WB7tfUordytSjbWTIjK/8V0amkBfTYN4/pB/GIDlJZZ657BGG19g==",
      "dev": true,
      "requires": {
        "lodash": "^4.17.15"
      }
    }
  }
}
